
Microsoft Visual Studio Solution File, Format Version 12.00
# Visual Studio Version 17
VisualStudioVersion = 17.9.34723.18
MinimumVisualStudioVersion = 10.0.40219.1
Project("{FAE04EC0-301F-11D3-BF4B-00C04F79EFBC}") = "exe06", "exe06\exe06.csproj", "{D0EF0C55-279C-4054-96D4-A882C2F0517E}"
EndProject
Global
	GlobalSection(SolutionConfigurationPlatforms) = preSolution
		Debug|Any CPU = Debug|Any CPU
		Release|Any CPU = Release|Any CPU
	EndGlobalSection
	GlobalSection(ProjectConfigurationPlatforms) = postSolution
		{D0EF0C55-279C-4054-96D4-A882C2F0517E}.Debug|Any CPU.ActiveCfg = Debug|Any CPU
		{D0EF0C55-279C-4054-96D4-A882C2F0517E}.Debug|Any CPU.Build.0 = Debug|Any CPU
		{D0EF0C55-279C-4054-96D4-A882C2F0517E}.Release|Any CPU.ActiveCfg = Release|Any CPU
		{D0EF0C55-279C-4054-96D4-A882C2F0517E}.Release|Any CPU.Build.0 = Release|Any CPU
	EndGlobalSection
	GlobalSection(SolutionProperties) = preSolution
		HideSolutionNode = FALSE
	EndGlobalSection
	GlobalSection(ExtensibilityGlobals) = postSolution
		SolutionGuid = {CD8CE9CF-EABF-4E48-A98F-475B9E568B9B}
	EndGlobalSection
EndGlobal
