
Microsoft Visual Studio Solution File, Format Version 12.00
# Visual Studio Version 17
VisualStudioVersion = 17.4.33213.308
MinimumVisualStudioVersion = 10.0.40219.1
Project("{FAE04EC0-301F-11D3-BF4B-00C04F79EFBC}") = "exe02", "exe02\exe02.csproj", "{7C0FC9BD-17B0-4C96-BB50-9C10B3E3A33C}"
EndProject
Global
	GlobalSection(SolutionConfigurationPlatforms) = preSolution
		Debug|Any CPU = Debug|Any CPU
		Release|Any CPU = Release|Any CPU
	EndGlobalSection
	GlobalSection(ProjectConfigurationPlatforms) = postSolution
		{7C0FC9BD-17B0-4C96-BB50-9C10B3E3A33C}.Debug|Any CPU.ActiveCfg = Debug|Any CPU
		{7C0FC9BD-17B0-4C96-BB50-9C10B3E3A33C}.Debug|Any CPU.Build.0 = Debug|Any CPU
		{7C0FC9BD-17B0-4C96-BB50-9C10B3E3A33C}.Release|Any CPU.ActiveCfg = Release|Any CPU
		{7C0FC9BD-17B0-4C96-BB50-9C10B3E3A33C}.Release|Any CPU.Build.0 = Release|Any CPU
	EndGlobalSection
	GlobalSection(SolutionProperties) = preSolution
		HideSolutionNode = FALSE
	EndGlobalSection
	GlobalSection(ExtensibilityGlobals) = postSolution
		SolutionGuid = {1B71648D-700B-4338-9803-1D8E98E359B4}
	EndGlobalSection
EndGlobal
