
Microsoft Visual Studio Solution File, Format Version 12.00
# Visual Studio Version 17
VisualStudioVersion = 17.4.33213.308
MinimumVisualStudioVersion = 10.0.40219.1
Project("{9A19103F-16F7-4668-BE54-9A1E7A4F7556}") = "exe01", "exe1\exe01.csproj", "{7E75D916-4D7A-4947-9296-7CF058055C76}"
EndProject
Global
	GlobalSection(SolutionConfigurationPlatforms) = preSolution
		Debug|Any CPU = Debug|Any CPU
		Release|Any CPU = Release|Any CPU
	EndGlobalSection
	GlobalSection(ProjectConfigurationPlatforms) = postSolution
		{7E75D916-4D7A-4947-9296-7CF058055C76}.Debug|Any CPU.ActiveCfg = Debug|Any CPU
		{7E75D916-4D7A-4947-9296-7CF058055C76}.Debug|Any CPU.Build.0 = Debug|Any CPU
		{7E75D916-4D7A-4947-9296-7CF058055C76}.Release|Any CPU.ActiveCfg = Release|Any CPU
		{7E75D916-4D7A-4947-9296-7CF058055C76}.Release|Any CPU.Build.0 = Release|Any CPU
	EndGlobalSection
	GlobalSection(SolutionProperties) = preSolution
		HideSolutionNode = FALSE
	EndGlobalSection
	GlobalSection(ExtensibilityGlobals) = postSolution
		SolutionGuid = {3743C3F1-84E0-42C1-BB3E-9D4C62F551D8}
	EndGlobalSection
EndGlobal
